
Microsoft Visual Studio Solution File, Format Version 12.00
# Visual Studio Version 17
VisualStudioVersion = 17.1.32421.90
MinimumVisualStudioVersion = 10.0.40219.1
Project("{2150E333-8FDC-42A3-9474-1A3956D46DE8}") = "Solution Items", "Solution Items", "{180EDB64-170B-4280-A1AA-C57CFAB529A2}"
	ProjectSection(SolutionItems) = preProject
		.gitignore = .gitignore
		xti.ps1 = xti.ps1
	EndProjectSection
EndProject
Project("{2150E333-8FDC-42A3-9474-1A3956D46DE8}") = "ScheduledJobsWebApp", "ScheduledJobsWebApp", "{D41BEADF-8201-48EB-B779-99745EF8C3C6}"
EndProject
Project("{2150E333-8FDC-42A3-9474-1A3956D46DE8}") = "Apps", "Apps", "{514E2103-B915-4E18-A473-A402D3FB5F86}"
EndProject
Project("{9A19103F-16F7-4668-BE54-9A1E7A4F7556}") = "ScheduledJobsWebApp", "ScheduledJobsWebApp\Apps\ScheduledJobsWebApp\ScheduledJobsWebApp.csproj", "{8626AA5D-E0DB-4D37-875E-21B4713E95A4}"
EndProject
Project("{2150E333-8FDC-42A3-9474-1A3956D46DE8}") = "Internal", "Internal", "{98784FFD-984A-469A-8D05-4C268E149058}"
EndProject
Project("{9A19103F-16F7-4668-BE54-9A1E7A4F7556}") = "XTI_ScheduledJobsWebAppApi", "ScheduledJobsWebApp\Internal\XTI_ScheduledJobsWebAppApi\XTI_ScheduledJobsWebAppApi.csproj", "{AC4C52D5-43CF-430C-866D-735FF896A176}"
EndProject
Project("{9A19103F-16F7-4668-BE54-9A1E7A4F7556}") = "ScheduledJobsWebApp.ApiControllers", "ScheduledJobsWebApp\Internal\ScheduledJobsWebApp.ApiControllers\ScheduledJobsWebApp.ApiControllers.csproj", "{0183A625-FC14-4757-AE7F-C2908299DEEE}"
EndProject
Project("{2150E333-8FDC-42A3-9474-1A3956D46DE8}") = "Lib", "Lib", "{48D8DBF6-90CA-4D4B-BEE2-E0B57DA1F994}"
EndProject
Project("{9A19103F-16F7-4668-BE54-9A1E7A4F7556}") = "XTI_ScheduledJobsAppClient", "ScheduledJobsWebApp\Lib\XTI_ScheduledJobsAppClient\XTI_ScheduledJobsAppClient.csproj", "{86BC63B1-10B7-47D8-9AFB-CFFEC1A97753}"
EndProject
Project("{9A19103F-16F7-4668-BE54-9A1E7A4F7556}") = "ScheduledJobsApiGeneratorApp", "ScheduledJobsWebApp\Apps\ScheduledJobsApiGeneratorApp\ScheduledJobsApiGeneratorApp.csproj", "{B71A4745-225A-453B-B6A4-DF280865DF0A}"
EndProject
Project("{9A19103F-16F7-4668-BE54-9A1E7A4F7556}") = "ScheduledJobsSetupApp", "ScheduledJobsWebApp\Apps\ScheduledJobsSetupApp\ScheduledJobsSetupApp.csproj", "{07E29774-FF7F-44E5-BC31-5CC5CC0DD716}"
EndProject
Project("{9A19103F-16F7-4668-BE54-9A1E7A4F7556}") = "XTI_Jobs", "ScheduledJobsWebApp\Lib\XTI_Jobs\XTI_Jobs.csproj", "{17B348C6-B7E1-490C-ACDB-C8F902DEF778}"
EndProject
Project("{2150E333-8FDC-42A3-9474-1A3956D46DE8}") = "Tests", "Tests", "{0904BA61-8C46-44B5-893D-F6756E92B607}"
EndProject
Project("{9A19103F-16F7-4668-BE54-9A1E7A4F7556}") = "XTI_JobsDB.SqlServer", "ScheduledJobsWebApp\Internal\XTI_JobsDB.SqlServer\XTI_JobsDB.SqlServer.csproj", "{C2B62418-8EC6-47C0-9937-5C6C41203379}"
EndProject
Project("{9A19103F-16F7-4668-BE54-9A1E7A4F7556}") = "XTI_JobsDBTool", "ScheduledJobsWebApp\Internal\XTI_JobsDBTool\XTI_JobsDBTool.csproj", "{D0CBB1E8-8AF6-4554-A2D8-E09BEFC9E732}"
EndProject
Project("{9A19103F-16F7-4668-BE54-9A1E7A4F7556}") = "XTI_Jobs.Abstractions", "ScheduledJobsWebApp\Lib\XTI_Jobs.Abstractions\XTI_Jobs.Abstractions.csproj", "{CB05D78D-5044-46DB-8197-49FBEB1BA3D6}"
EndProject
Project("{2150E333-8FDC-42A3-9474-1A3956D46DE8}") = "ScheduledJobsServiceApp", "ScheduledJobsServiceApp", "{3FEDAB60-7DB0-44D7-9C7E-AB4437F3FABC}"
EndProject
Project("{2150E333-8FDC-42A3-9474-1A3956D46DE8}") = "Apps", "Apps", "{33F1D804-BC54-4F7C-ABA1-87D9E8F4B326}"
EndProject
Project("{9A19103F-16F7-4668-BE54-9A1E7A4F7556}") = "ScheduledJobsServiceApp", "ScheduledJobsServiceApp\Apps\ScheduledJobsServiceApp\ScheduledJobsServiceApp.csproj", "{146977BE-D91E-4B74-ACD1-576FC320E635}"
EndProject
Project("{2150E333-8FDC-42A3-9474-1A3956D46DE8}") = "Internal", "Internal", "{EF3EB845-2EE5-4863-BF76-3BBC1466989D}"
EndProject
Project("{9A19103F-16F7-4668-BE54-9A1E7A4F7556}") = "XTI_ScheduledJobsServiceAppApi", "ScheduledJobsServiceApp\Internal\XTI_ScheduledJobsServiceAppApi\XTI_ScheduledJobsServiceAppApi.csproj", "{8A9C8378-8722-46CA-AB26-B9464E58386C}"
EndProject
Project("{9A19103F-16F7-4668-BE54-9A1E7A4F7556}") = "ScheduledJobsSetupApp", "ScheduledJobsServiceApp\Apps\ScheduledJobsSetupApp\ScheduledJobsSetupApp.csproj", "{145F3B1C-493E-4E82-B896-E5E0374426F7}"
EndProject
Project("{9A19103F-16F7-4668-BE54-9A1E7A4F7556}") = "XTI_JobsDB.EF", "ScheduledJobsWebApp\Lib\XTI_JobsDB.EF\XTI_JobsDB.EF.csproj", "{AE679FD7-C4A5-4CFF-A1FB-5F1638DD945B}"
EndProject
Project("{9A19103F-16F7-4668-BE54-9A1E7A4F7556}") = "XTI_JobsDB.InMemory", "ScheduledJobsWebApp\Lib\XTI_JobsDB.InMemory\XTI_JobsDB.InMemory.csproj", "{2C4C42E8-0BF5-440A-A4A2-B17DA5C1BCF0}"
EndProject
Project("{9A19103F-16F7-4668-BE54-9A1E7A4F7556}") = "XTI_ScheduledJobSharedTests", "ScheduledJobsWebApp\Tests\XTI_ScheduledJobSharedTests\XTI_ScheduledJobSharedTests.csproj", "{7F8F426F-B566-4F50-9314-C555B8E41681}"
EndProject
Project("{9A19103F-16F7-4668-BE54-9A1E7A4F7556}") = "XTI_ScheduledJobIntegrationTests", "ScheduledJobsWebApp\Tests\XTI_ScheduledJobIntegrationTests\XTI_ScheduledJobIntegrationTests.csproj", "{420ED0D8-BE4D-4FD5-9D27-A6C925807771}"
EndProject
Project("{9A19103F-16F7-4668-BE54-9A1E7A4F7556}") = "XTI_ScheduledJobTests", "ScheduledJobsWebApp\Tests\XTI_ScheduledJobTests\XTI_ScheduledJobTests.csproj", "{15063477-EAC3-4729-B0C6-6604EAD9CE23}"
EndProject
Global
	GlobalSection(SolutionConfigurationPlatforms) = preSolution
		Debug|Any CPU = Debug|Any CPU
		Release|Any CPU = Release|Any CPU
	EndGlobalSection
	GlobalSection(ProjectConfigurationPlatforms) = postSolution
		{8626AA5D-E0DB-4D37-875E-21B4713E95A4}.Debug|Any CPU.ActiveCfg = Debug|Any CPU
		{8626AA5D-E0DB-4D37-875E-21B4713E95A4}.Debug|Any CPU.Build.0 = Debug|Any CPU
		{8626AA5D-E0DB-4D37-875E-21B4713E95A4}.Release|Any CPU.ActiveCfg = Release|Any CPU
		{8626AA5D-E0DB-4D37-875E-21B4713E95A4}.Release|Any CPU.Build.0 = Release|Any CPU
		{AC4C52D5-43CF-430C-866D-735FF896A176}.Debug|Any CPU.ActiveCfg = Debug|Any CPU
		{AC4C52D5-43CF-430C-866D-735FF896A176}.Debug|Any CPU.Build.0 = Debug|Any CPU
		{AC4C52D5-43CF-430C-866D-735FF896A176}.Release|Any CPU.ActiveCfg = Release|Any CPU
		{AC4C52D5-43CF-430C-866D-735FF896A176}.Release|Any CPU.Build.0 = Release|Any CPU
		{0183A625-FC14-4757-AE7F-C2908299DEEE}.Debug|Any CPU.ActiveCfg = Debug|Any CPU
		{0183A625-FC14-4757-AE7F-C2908299DEEE}.Debug|Any CPU.Build.0 = Debug|Any CPU
		{0183A625-FC14-4757-AE7F-C2908299DEEE}.Release|Any CPU.ActiveCfg = Release|Any CPU
		{0183A625-FC14-4757-AE7F-C2908299DEEE}.Release|Any CPU.Build.0 = Release|Any CPU
		{86BC63B1-10B7-47D8-9AFB-CFFEC1A97753}.Debug|Any CPU.ActiveCfg = Debug|Any CPU
		{86BC63B1-10B7-47D8-9AFB-CFFEC1A97753}.Debug|Any CPU.Build.0 = Debug|Any CPU
		{86BC63B1-10B7-47D8-9AFB-CFFEC1A97753}.Release|Any CPU.ActiveCfg = Release|Any CPU
		{86BC63B1-10B7-47D8-9AFB-CFFEC1A97753}.Release|Any CPU.Build.0 = Release|Any CPU
		{B71A4745-225A-453B-B6A4-DF280865DF0A}.Debug|Any CPU.ActiveCfg = Debug|Any CPU
		{B71A4745-225A-453B-B6A4-DF280865DF0A}.Debug|Any CPU.Build.0 = Debug|Any CPU
		{B71A4745-225A-453B-B6A4-DF280865DF0A}.Release|Any CPU.ActiveCfg = Release|Any CPU
		{B71A4745-225A-453B-B6A4-DF280865DF0A}.Release|Any CPU.Build.0 = Release|Any CPU
		{07E29774-FF7F-44E5-BC31-5CC5CC0DD716}.Debug|Any CPU.ActiveCfg = Debug|Any CPU
		{07E29774-FF7F-44E5-BC31-5CC5CC0DD716}.Debug|Any CPU.Build.0 = Debug|Any CPU
		{07E29774-FF7F-44E5-BC31-5CC5CC0DD716}.Release|Any CPU.ActiveCfg = Release|Any CPU
		{07E29774-FF7F-44E5-BC31-5CC5CC0DD716}.Release|Any CPU.Build.0 = Release|Any CPU
		{17B348C6-B7E1-490C-ACDB-C8F902DEF778}.Debug|Any CPU.ActiveCfg = Debug|Any CPU
		{17B348C6-B7E1-490C-ACDB-C8F902DEF778}.Debug|Any CPU.Build.0 = Debug|Any CPU
		{17B348C6-B7E1-490C-ACDB-C8F902DEF778}.Release|Any CPU.ActiveCfg = Release|Any CPU
		{17B348C6-B7E1-490C-ACDB-C8F902DEF778}.Release|Any CPU.Build.0 = Release|Any CPU
		{C2B62418-8EC6-47C0-9937-5C6C41203379}.Debug|Any CPU.ActiveCfg = Debug|Any CPU
		{C2B62418-8EC6-47C0-9937-5C6C41203379}.Debug|Any CPU.Build.0 = Debug|Any CPU
		{C2B62418-8EC6-47C0-9937-5C6C41203379}.Release|Any CPU.ActiveCfg = Release|Any CPU
		{C2B62418-8EC6-47C0-9937-5C6C41203379}.Release|Any CPU.Build.0 = Release|Any CPU
		{D0CBB1E8-8AF6-4554-A2D8-E09BEFC9E732}.Debug|Any CPU.ActiveCfg = Debug|Any CPU
		{D0CBB1E8-8AF6-4554-A2D8-E09BEFC9E732}.Debug|Any CPU.Build.0 = Debug|Any CPU
		{D0CBB1E8-8AF6-4554-A2D8-E09BEFC9E732}.Release|Any CPU.ActiveCfg = Release|Any CPU
		{D0CBB1E8-8AF6-4554-A2D8-E09BEFC9E732}.Release|Any CPU.Build.0 = Release|Any CPU
		{CB05D78D-5044-46DB-8197-49FBEB1BA3D6}.Debug|Any CPU.ActiveCfg = Debug|Any CPU
		{CB05D78D-5044-46DB-8197-49FBEB1BA3D6}.Debug|Any CPU.Build.0 = Debug|Any CPU
		{CB05D78D-5044-46DB-8197-49FBEB1BA3D6}.Release|Any CPU.ActiveCfg = Release|Any CPU
		{CB05D78D-5044-46DB-8197-49FBEB1BA3D6}.Release|Any CPU.Build.0 = Release|Any CPU
		{146977BE-D91E-4B74-ACD1-576FC320E635}.Debug|Any CPU.ActiveCfg = Debug|Any CPU
		{146977BE-D91E-4B74-ACD1-576FC320E635}.Debug|Any CPU.Build.0 = Debug|Any CPU
		{146977BE-D91E-4B74-ACD1-576FC320E635}.Release|Any CPU.ActiveCfg = Release|Any CPU
		{146977BE-D91E-4B74-ACD1-576FC320E635}.Release|Any CPU.Build.0 = Release|Any CPU
		{8A9C8378-8722-46CA-AB26-B9464E58386C}.Debug|Any CPU.ActiveCfg = Debug|Any CPU
		{8A9C8378-8722-46CA-AB26-B9464E58386C}.Debug|Any CPU.Build.0 = Debug|Any CPU
		{8A9C8378-8722-46CA-AB26-B9464E58386C}.Release|Any CPU.ActiveCfg = Release|Any CPU
		{8A9C8378-8722-46CA-AB26-B9464E58386C}.Release|Any CPU.Build.0 = Release|Any CPU
		{145F3B1C-493E-4E82-B896-E5E0374426F7}.Debug|Any CPU.ActiveCfg = Debug|Any CPU
		{145F3B1C-493E-4E82-B896-E5E0374426F7}.Debug|Any CPU.Build.0 = Debug|Any CPU
		{145F3B1C-493E-4E82-B896-E5E0374426F7}.Release|Any CPU.ActiveCfg = Release|Any CPU
		{145F3B1C-493E-4E82-B896-E5E0374426F7}.Release|Any CPU.Build.0 = Release|Any CPU
		{AE679FD7-C4A5-4CFF-A1FB-5F1638DD945B}.Debug|Any CPU.ActiveCfg = Debug|Any CPU
		{AE679FD7-C4A5-4CFF-A1FB-5F1638DD945B}.Debug|Any CPU.Build.0 = Debug|Any CPU
		{AE679FD7-C4A5-4CFF-A1FB-5F1638DD945B}.Release|Any CPU.ActiveCfg = Release|Any CPU
		{AE679FD7-C4A5-4CFF-A1FB-5F1638DD945B}.Release|Any CPU.Build.0 = Release|Any CPU
		{2C4C42E8-0BF5-440A-A4A2-B17DA5C1BCF0}.Debug|Any CPU.ActiveCfg = Debug|Any CPU
		{2C4C42E8-0BF5-440A-A4A2-B17DA5C1BCF0}.Debug|Any CPU.Build.0 = Debug|Any CPU
		{2C4C42E8-0BF5-440A-A4A2-B17DA5C1BCF0}.Release|Any CPU.ActiveCfg = Release|Any CPU
		{2C4C42E8-0BF5-440A-A4A2-B17DA5C1BCF0}.Release|Any CPU.Build.0 = Release|Any CPU
		{7F8F426F-B566-4F50-9314-C555B8E41681}.Debug|Any CPU.ActiveCfg = Debug|Any CPU
		{7F8F426F-B566-4F50-9314-C555B8E41681}.Debug|Any CPU.Build.0 = Debug|Any CPU
		{7F8F426F-B566-4F50-9314-C555B8E41681}.Release|Any CPU.ActiveCfg = Release|Any CPU
		{7F8F426F-B566-4F50-9314-C555B8E41681}.Release|Any CPU.Build.0 = Release|Any CPU
		{420ED0D8-BE4D-4FD5-9D27-A6C925807771}.Debug|Any CPU.ActiveCfg = Debug|Any CPU
		{420ED0D8-BE4D-4FD5-9D27-A6C925807771}.Debug|Any CPU.Build.0 = Debug|Any CPU
		{420ED0D8-BE4D-4FD5-9D27-A6C925807771}.Release|Any CPU.ActiveCfg = Release|Any CPU
		{420ED0D8-BE4D-4FD5-9D27-A6C925807771}.Release|Any CPU.Build.0 = Release|Any CPU
		{15063477-EAC3-4729-B0C6-6604EAD9CE23}.Debug|Any CPU.ActiveCfg = Debug|Any CPU
		{15063477-EAC3-4729-B0C6-6604EAD9CE23}.Debug|Any CPU.Build.0 = Debug|Any CPU
		{15063477-EAC3-4729-B0C6-6604EAD9CE23}.Release|Any CPU.ActiveCfg = Release|Any CPU
		{15063477-EAC3-4729-B0C6-6604EAD9CE23}.Release|Any CPU.Build.0 = Release|Any CPU
	EndGlobalSection
	GlobalSection(SolutionProperties) = preSolution
		HideSolutionNode = FALSE
	EndGlobalSection
	GlobalSection(NestedProjects) = preSolution
		{514E2103-B915-4E18-A473-A402D3FB5F86} = {D41BEADF-8201-48EB-B779-99745EF8C3C6}
		{8626AA5D-E0DB-4D37-875E-21B4713E95A4} = {514E2103-B915-4E18-A473-A402D3FB5F86}
		{98784FFD-984A-469A-8D05-4C268E149058} = {D41BEADF-8201-48EB-B779-99745EF8C3C6}
		{AC4C52D5-43CF-430C-866D-735FF896A176} = {98784FFD-984A-469A-8D05-4C268E149058}
		{0183A625-FC14-4757-AE7F-C2908299DEEE} = {98784FFD-984A-469A-8D05-4C268E149058}
		{48D8DBF6-90CA-4D4B-BEE2-E0B57DA1F994} = {D41BEADF-8201-48EB-B779-99745EF8C3C6}
		{86BC63B1-10B7-47D8-9AFB-CFFEC1A97753} = {48D8DBF6-90CA-4D4B-BEE2-E0B57DA1F994}
		{B71A4745-225A-453B-B6A4-DF280865DF0A} = {514E2103-B915-4E18-A473-A402D3FB5F86}
		{07E29774-FF7F-44E5-BC31-5CC5CC0DD716} = {514E2103-B915-4E18-A473-A402D3FB5F86}
		{17B348C6-B7E1-490C-ACDB-C8F902DEF778} = {48D8DBF6-90CA-4D4B-BEE2-E0B57DA1F994}
		{0904BA61-8C46-44B5-893D-F6756E92B607} = {D41BEADF-8201-48EB-B779-99745EF8C3C6}
		{C2B62418-8EC6-47C0-9937-5C6C41203379} = {98784FFD-984A-469A-8D05-4C268E149058}
		{D0CBB1E8-8AF6-4554-A2D8-E09BEFC9E732} = {98784FFD-984A-469A-8D05-4C268E149058}
		{CB05D78D-5044-46DB-8197-49FBEB1BA3D6} = {48D8DBF6-90CA-4D4B-BEE2-E0B57DA1F994}
		{33F1D804-BC54-4F7C-ABA1-87D9E8F4B326} = {3FEDAB60-7DB0-44D7-9C7E-AB4437F3FABC}
		{146977BE-D91E-4B74-ACD1-576FC320E635} = {33F1D804-BC54-4F7C-ABA1-87D9E8F4B326}
		{EF3EB845-2EE5-4863-BF76-3BBC1466989D} = {3FEDAB60-7DB0-44D7-9C7E-AB4437F3FABC}
		{8A9C8378-8722-46CA-AB26-B9464E58386C} = {EF3EB845-2EE5-4863-BF76-3BBC1466989D}
		{145F3B1C-493E-4E82-B896-E5E0374426F7} = {33F1D804-BC54-4F7C-ABA1-87D9E8F4B326}
		{AE679FD7-C4A5-4CFF-A1FB-5F1638DD945B} = {48D8DBF6-90CA-4D4B-BEE2-E0B57DA1F994}
		{2C4C42E8-0BF5-440A-A4A2-B17DA5C1BCF0} = {48D8DBF6-90CA-4D4B-BEE2-E0B57DA1F994}
		{7F8F426F-B566-4F50-9314-C555B8E41681} = {0904BA61-8C46-44B5-893D-F6756E92B607}
		{420ED0D8-BE4D-4FD5-9D27-A6C925807771} = {0904BA61-8C46-44B5-893D-F6756E92B607}
		{15063477-EAC3-4729-B0C6-6604EAD9CE23} = {0904BA61-8C46-44B5-893D-F6756E92B607}
	EndGlobalSection
	GlobalSection(ExtensibilityGlobals) = postSolution
		SolutionGuid = {5CABE53F-2B1C-42E9-9160-E9E3A6B07219}
	EndGlobalSection
EndGlobal
